
Microsoft Visual Studio Solution File, Format Version 12.00
# Visual Studio Version 17
VisualStudioVersion = 17.8.34511.84
MinimumVisualStudioVersion = 10.0.40219.1
Project("{FAE04EC0-301F-11D3-BF4B-00C04F79EFBC}") = "LocalEdu_App", "LocalEdu_App.csproj", "{0CD242B2-CFB8-413A-AD83-3784A922EEDB}"
EndProject
Global
	GlobalSection(SolutionConfigurationPlatforms) = preSolution
		Debug|Any CPU = Debug|Any CPU
		Release|Any CPU = Release|Any CPU
	EndGlobalSection
	GlobalSection(ProjectConfigurationPlatforms) = postSolution
		{0CD242B2-CFB8-413A-AD83-3784A922EEDB}.Debug|Any CPU.ActiveCfg = Debug|Any CPU
		{0CD242B2-CFB8-413A-AD83-3784A922EEDB}.Debug|Any CPU.Build.0 = Debug|Any CPU
		{0CD242B2-CFB8-413A-AD83-3784A922EEDB}.Release|Any CPU.ActiveCfg = Release|Any CPU
		{0CD242B2-CFB8-413A-AD83-3784A922EEDB}.Release|Any CPU.Build.0 = Release|Any CPU
	EndGlobalSection
	GlobalSection(SolutionProperties) = preSolution
		HideSolutionNode = FALSE
	EndGlobalSection
	GlobalSection(ExtensibilityGlobals) = postSolution
		SolutionGuid = {36AC20AF-6E7E-41D5-A4C1-CE1C9DA8ACDE}
	EndGlobalSection
EndGlobal
