
Microsoft Visual Studio Solution File, Format Version 12.00
# Visual Studio Version 17
VisualStudioVersion = 17.8.34408.163
MinimumVisualStudioVersion = 10.0.40219.1
Project("{9A19103F-16F7-4668-BE54-9A1E7A4F7556}") = "Calculator", "Calculator\Calculator.csproj", "{110E653B-FDDA-43A8-B1B6-91558C23EC76}"
EndProject
Project("{9A19103F-16F7-4668-BE54-9A1E7A4F7556}") = "UnitTestCalLib", "UnitTestCalLib\UnitTestCalLib.csproj", "{5A2CB03E-0D49-49DD-99E3-6B4A238B0B35}"
EndProject
Project("{9A19103F-16F7-4668-BE54-9A1E7A4F7556}") = "CalLib", "CalLib\CalLib.csproj", "{16610F2B-D936-4CE4-9C00-0A1C233A5724}"
EndProject
Global
	GlobalSection(SolutionConfigurationPlatforms) = preSolution
		Debug|Any CPU = Debug|Any CPU
		Release|Any CPU = Release|Any CPU
	EndGlobalSection
	GlobalSection(ProjectConfigurationPlatforms) = postSolution
		{110E653B-FDDA-43A8-B1B6-91558C23EC76}.Debug|Any CPU.ActiveCfg = Debug|Any CPU
		{110E653B-FDDA-43A8-B1B6-91558C23EC76}.Debug|Any CPU.Build.0 = Debug|Any CPU
		{110E653B-FDDA-43A8-B1B6-91558C23EC76}.Release|Any CPU.ActiveCfg = Release|Any CPU
		{110E653B-FDDA-43A8-B1B6-91558C23EC76}.Release|Any CPU.Build.0 = Release|Any CPU
		{5A2CB03E-0D49-49DD-99E3-6B4A238B0B35}.Debug|Any CPU.ActiveCfg = Debug|Any CPU
		{5A2CB03E-0D49-49DD-99E3-6B4A238B0B35}.Debug|Any CPU.Build.0 = Debug|Any CPU
		{5A2CB03E-0D49-49DD-99E3-6B4A238B0B35}.Release|Any CPU.ActiveCfg = Release|Any CPU
		{5A2CB03E-0D49-49DD-99E3-6B4A238B0B35}.Release|Any CPU.Build.0 = Release|Any CPU
		{16610F2B-D936-4CE4-9C00-0A1C233A5724}.Debug|Any CPU.ActiveCfg = Debug|Any CPU
		{16610F2B-D936-4CE4-9C00-0A1C233A5724}.Debug|Any CPU.Build.0 = Debug|Any CPU
		{16610F2B-D936-4CE4-9C00-0A1C233A5724}.Release|Any CPU.ActiveCfg = Release|Any CPU
		{16610F2B-D936-4CE4-9C00-0A1C233A5724}.Release|Any CPU.Build.0 = Release|Any CPU
	EndGlobalSection
	GlobalSection(SolutionProperties) = preSolution
		HideSolutionNode = FALSE
	EndGlobalSection
	GlobalSection(ExtensibilityGlobals) = postSolution
		SolutionGuid = {F03CB1C1-276C-40EA-962F-5F81E4CDC8DE}
	EndGlobalSection
EndGlobal
